<Solution>
  <Folder Name="/src/" />
  <Folder Name="/src/aspire/">
    <Project Path="src/AppHost/AppHost.csproj" />
    <Project Path="src/ServiceDefaults/ServiceDefaults.csproj" />
  </Folder>
  <Folder Name="/src/frontend/" />
  <Folder Name="/src/services/">
    <Project Path="src/Catalog/Catalog.csproj" />
  </Folder>
</Solution>
